// !$*UTF8*$!
{
	archiveVersion = 1;
	classes = {
	};
	objectVersion = 55;
	objects = {

/* Begin PBXBuildFile section */
		A68CCAF727FB5D8C005B595B /* ColorSliderSwiftUIApp.swift in Sources */ = {isa = PBXBuildFile; fileRef = A68CCAF627FB5D8C005B595B /* ColorSliderSwiftUIApp.swift */; };
		A68CCAF927FB5D8C005B595B /* ContentView.swift in Sources */ = {isa = PBXBuildFile; fileRef = A68CCAF827FB5D8C005B595B /* ContentView.swift */; };
		A68CCAFB27FB5D90005B595B /* Assets.xcassets in Resources */ = {isa = PBXBuildFile; fileRef = A68CCAFA27FB5D90005B595B /* Assets.xcassets */; };
		A68CCAFE27FB5D90005B595B /* Preview Assets.xcassets in Resources */ = {isa = PBXBuildFile; fileRef = A68CCAFD27FB5D90005B595B /* Preview Assets.xcassets */; };
		A68CCB0527FBA165005B595B /* ColorView.swift in Sources */ = {isa = PBXBuildFile; fileRef = A68CCB0427FBA165005B595B /* ColorView.swift */; };
		A6CE5BAC27FBA9E4009E8F46 /* ColorSlider.swift in Sources */ = {isa = PBXBuildFile; fileRef = A6CE5BAB27FBA9E4009E8F46 /* ColorSlider.swift */; };
		A6CE5BAE27FBB2AD009E8F46 /* TextView.swift in Sources */ = {isa = PBXBuildFile; fileRef = A6CE5BAD27FBB2AC009E8F46 /* TextView.swift */; };
		A6CE5BB027FBBC75009E8F46 /* TextField.swift in Sources */ = {isa = PBXBuildFile; fileRef = A6CE5BAF27FBBC75009E8F46 /* TextField.swift */; };
		A6CE5BB227FBC35E009E8F46 /* ColorButtonChange.swift in Sources */ = {isa = PBXBuildFile; fileRef = A6CE5BB127FBC35E009E8F46 /* ColorButtonChange.swift */; };
/* End PBXBuildFile section */

/* Begin PBXFileReference section */
		A68CCAF327FB5D8C005B595B /* ColorSliderSwiftUI.app */ = {isa = PBXFileReference; explicitFileType = wrapper.application; includeInIndex = 0; path = ColorSliderSwiftUI.app; sourceTree = BUILT_PRODUCTS_DIR; };
		A68CCAF627FB5D8C005B595B /* ColorSliderSwiftUIApp.swift */ = {isa = PBXFileReference; lastKnownFileType = sourcecode.swift; path = ColorSliderSwiftUIApp.swift; sourceTree = "<group>"; };
		A68CCAF827FB5D8C005B595B /* ContentView.swift */ = {isa = PBXFileReference; lastKnownFileType = sourcecode.swift; path = ContentView.swift; sourceTree = "<group>"; };
		A68CCAFA27FB5D90005B595B /* Assets.xcassets */ = {isa = PBXFileReference; lastKnownFileType = folder.assetcatalog; path = Assets.xcassets; sourceTree = "<group>"; };
		A68CCAFD27FB5D90005B595B /* Preview Assets.xcassets */ = {isa = PBXFileReference; lastKnownFileType = folder.assetcatalog; path = "Preview Assets.xcassets"; sourceTree = "<group>"; };
		A68CCB0427FBA165005B595B /* ColorView.swift */ = {isa = PBXFileReference; lastKnownFileType = sourcecode.swift; path = ColorView.swift; sourceTree = "<group>"; };
		A6CE5BAB27FBA9E4009E8F46 /* ColorSlider.swift */ = {isa = PBXFileReference; lastKnownFileType = sourcecode.swift; path = ColorSlider.swift; sourceTree = "<group>"; };
		A6CE5BAD27FBB2AC009E8F46 /* TextView.swift */ = {isa = PBXFileReference; lastKnownFileType = sourcecode.swift; path = TextView.swift; sourceTree = "<group>"; };
		A6CE5BAF27FBBC75009E8F46 /* TextField.swift */ = {isa = PBXFileReference; lastKnownFileType = sourcecode.swift; path = TextField.swift; sourceTree = "<group>"; };
		A6CE5BB127FBC35E009E8F46 /* ColorButtonChange.swift */ = {isa = PBXFileReference; lastKnownFileType = sourcecode.swift; path = ColorButtonChange.swift; sourceTree = "<group>"; };
/* End PBXFileReference section */

/* Begin PBXFrameworksBuildPhase section */
		A68CCAF027FB5D8C005B595B /* Frameworks */ = {
			isa = PBXFrameworksBuildPhase;
			buildActionMask = 2147483647;
			files = (
			);
			runOnlyForDeploymentPostprocessing = 0;
		};
/* End PBXFrameworksBuildPhase section */

/* Begin PBXGroup section */
		A68CCAEA27FB5D8C005B595B = {
			isa = PBXGroup;
			children = (
				A68CCAF527FB5D8C005B595B /* ColorSliderSwiftUI */,
				A68CCAF427FB5D8C005B595B /* Products */,
			);
			sourceTree = "<group>";
		};
		A68CCAF427FB5D8C005B595B /* Products */ = {
			isa = PBXGroup;
			children = (
				A68CCAF327FB5D8C005B595B /* ColorSliderSwiftUI.app */,
			);
			name = Products;
			sourceTree = "<group>";
		};
		A68CCAF527FB5D8C005B595B /* ColorSliderSwiftUI */ = {
			isa = PBXGroup;
			children = (
				A68CCAF627FB5D8C005B595B /* ColorSliderSwiftUIApp.swift */,
				A68CCAF827FB5D8C005B595B /* ContentView.swift */,
				A68CCB0427FBA165005B595B /* ColorView.swift */,
				A6CE5BAB27FBA9E4009E8F46 /* ColorSlider.swift */,
				A6CE5BAF27FBBC75009E8F46 /* TextField.swift */,
				A6CE5BAD27FBB2AC009E8F46 /* TextView.swift */,
				A6CE5BB127FBC35E009E8F46 /* ColorButtonChange.swift */,
				A68CCAFA27FB5D90005B595B /* Assets.xcassets */,
				A68CCAFC27FB5D90005B595B /* Preview Content */,
			);
			path = ColorSliderSwiftUI;
			sourceTree = "<group>";
		};
		A68CCAFC27FB5D90005B595B /* Preview Content */ = {
			isa = PBXGroup;
			children = (
				A68CCAFD27FB5D90005B595B /* Preview Assets.xcassets */,
			);
			path = "Preview Content";
			sourceTree = "<group>";
		};
/* End PBXGroup section */

/* Begin PBXNativeTarget section */
		A68CCAF227FB5D8C005B595B /* ColorSliderSwiftUI */ = {
			isa = PBXNativeTarget;
			buildConfigurationList = A68CCB0127FB5D90005B595B /* Build configuration list for PBXNativeTarget "ColorSliderSwiftUI" */;
			buildPhases = (
				A68CCAEF27FB5D8C005B595B /* Sources */,
				A68CCAF027FB5D8C005B595B /* Frameworks */,
				A68CCAF127FB5D8C005B595B /* Resources */,
			);
			buildRules = (
			);
			dependencies = (
			);
			name = ColorSliderSwiftUI;
			productName = ColorSliderSwiftUI;
			productReference = A68CCAF327FB5D8C005B595B /* ColorSliderSwiftUI.app */;
			productType = "com.apple.product-type.application";
		};
/* End PBXNativeTarget section */

/* Begin PBXProject section */
		A68CCAEB27FB5D8C005B595B /* Project object */ = {
			isa = PBXProject;
			attributes = {
				BuildIndependentTargetsInParallel = 1;
				LastSwiftUpdateCheck = 1310;
				LastUpgradeCheck = 1310;
				TargetAttributes = {
					A68CCAF227FB5D8C005B595B = {
						CreatedOnToolsVersion = 13.1;
					};
				};
			};
			buildConfigurationList = A68CCAEE27FB5D8C005B595B /* Build configuration list for PBXProject "ColorSliderSwiftUI" */;
			compatibilityVersion = "Xcode 13.0";
			developmentRegion = en;
			hasScannedForEncodings = 0;
			knownRegions = (
				en,
				Base,
			);
			mainGroup = A68CCAEA27FB5D8C005B595B;
			productRefGroup = A68CCAF427FB5D8C005B595B /* Products */;
			projectDirPath = "";
			projectRoot = "";
			targets = (
				A68CCAF227FB5D8C005B595B /* ColorSliderSwiftUI */,
			);
		};
/* End PBXProject section */

/* Begin PBXResourcesBuildPhase section */
		A68CCAF127FB5D8C005B595B /* Resources */ = {
			isa = PBXResourcesBuildPhase;
			buildActionMask = 2147483647;
			files = (
				A68CCAFE27FB5D90005B595B /* Preview Assets.xcassets in Resources */,
				A68CCAFB27FB5D90005B595B /* Assets.xcassets in Resources */,
			);
			runOnlyForDeploymentPostprocessing = 0;
		};
/* End PBXResourcesBuildPhase section */

/* Begin PBXSourcesBuildPhase section */
		A68CCAEF27FB5D8C005B595B /* Sources */ = {
			isa = PBXSourcesBuildPhase;
			buildActionMask = 2147483647;
			files = (
				A68CCB0527FBA165005B595B /* ColorView.swift in Sources */,
				A68CCAF927FB5D8C005B595B /* ContentView.swift in Sources */,
				A6CE5BAC27FBA9E4009E8F46 /* ColorSlider.swift in Sources */,
				A6CE5BB227FBC35E009E8F46 /* ColorButtonChange.swift in Sources */,
				A6CE5BB027FBBC75009E8F46 /* TextField.swift in Sources */,
				A68CCAF727FB5D8C005B595B /* ColorSliderSwiftUIApp.swift in Sources */,
				A6CE5BAE27FBB2AD009E8F46 /* TextView.swift in Sources */,
			);
			runOnlyForDeploymentPostprocessing = 0;
		};
/* End PBXSourcesBuildPhase section */

/* Begin XCBuildConfiguration section */
		A68CCAFF27FB5D90005B595B /* Debug */ = {
			isa = XCBuildConfiguration;
			buildSettings = {
				ALWAYS_SEARCH_USER_PATHS = NO;
				CLANG_ANALYZER_NONNULL = YES;
				CLANG_ANALYZER_NUMBER_OBJECT_CONVERSION = YES_AGGRESSIVE;
				CLANG_CXX_LANGUAGE_STANDARD = "gnu++17";
				CLANG_CXX_LIBRARY = "libc++";
				CLANG_ENABLE_MODULES = YES;
				CLANG_ENABLE_OBJC_ARC = YES;
				CLANG_ENABLE_OBJC_WEAK = YES;
				CLANG_WARN_BLOCK_CAPTURE_AUTORELEASING = YES;
				CLANG_WARN_BOOL_CONVERSION = YES;
				CLANG_WARN_COMMA = YES;
				CLANG_WARN_CONSTANT_CONVERSION = YES;
				CLANG_WARN_DEPRECATED_OBJC_IMPLEMENTATIONS = YES;
				CLANG_WARN_DIRECT_OBJC_ISA_USAGE = YES_ERROR;
				CLANG_WARN_DOCUMENTATION_COMMENTS = YES;
				CLANG_WARN_EMPTY_BODY = YES;
				CLANG_WARN_ENUM_CONVERSION = YES;
				CLANG_WARN_INFINITE_RECURSION = YES;
				CLANG_WARN_INT_CONVERSION = YES;
				CLANG_WARN_NON_LITERAL_NULL_CONVERSION = YES;
				CLANG_WARN_OBJC_IMPLICIT_RETAIN_SELF = YES;
				CLANG_WARN_OBJC_LITERAL_CONVERSION = YES;
				CLANG_WARN_OBJC_ROOT_CLASS = YES_ERROR;
				CLANG_WARN_QUOTED_INCLUDE_IN_FRAMEWORK_HEADER = YES;
				CLANG_WARN_RANGE_LOOP_ANALYSIS = YES;
				CLANG_WARN_STRICT_PROTOTYPES = YES;
				CLANG_WARN_SUSPICIOUS_MOVE = YES;
				CLANG_WARN_UNGUARDED_AVAILABILITY = YES_AGGRESSIVE;
				CLANG_WARN_UNREACHABLE_CODE = YES;
				CLANG_WARN__DUPLICATE_METHOD_MATCH = YES;
				COPY_PHASE_STRIP = NO;
				DEBUG_INFORMATION_FORMAT = dwarf;
				ENABLE_STRICT_OBJC_MSGSEND = YES;
				ENABLE_TESTABILITY = YES;
				GCC_C_LANGUAGE_STANDARD = gnu11;
				GCC_DYNAMIC_NO_PIC = NO;
				GCC_NO_COMMON_BLOCKS = YES;
				GCC_OPTIMIZATION_LEVEL = 0;
				GCC_PREPROCESSOR_DEFINITIONS = (
					"DEBUG=1",
					"$(inherited)",
				);
				GCC_WARN_64_TO_32_BIT_CONVERSION = YES;
				GCC_WARN_ABOUT_RETURN_TYPE = YES_ERROR;
				GCC_WARN_UNDECLARED_SELECTOR = YES;
				GCC_WARN_UNINITIALIZED_AUTOS = YES_AGGRESSIVE;
				GCC_WARN_UNUSED_FUNCTION = YES;
				GCC_WARN_UNUSED_VARIABLE = YES;
				IPHONEOS_DEPLOYMENT_TARGET = 15.0;
				MTL_ENABLE_DEBUG_INFO = INCLUDE_SOURCE;
				MTL_FAST_MATH = YES;
				ONLY_ACTIVE_ARCH = YES;
				SDKROOT = iphoneos;
				SWIFT_ACTIVE_COMPILATION_CONDITIONS = DEBUG;
				SWIFT_OPTIMIZATION_LEVEL = "-Onone";
			};
			name = Debug;
		};
		A68CCB0027FB5D90005B595B /* Release */ = {
			isa = XCBuildConfiguration;
			buildSettings = {
				ALWAYS_SEARCH_USER_PATHS = NO;
				CLANG_ANALYZER_NONNULL = YES;
				CLANG_ANALYZER_NUMBER_OBJECT_CONVERSION = YES_AGGRESSIVE;
				CLANG_CXX_LANGUAGE_STANDARD = "gnu++17";
				CLANG_CXX_LIBRARY = "libc++";
				CLANG_ENABLE_MODULES = YES;
				CLANG_ENABLE_OBJC_ARC = YES;
				CLANG_ENABLE_OBJC_WEAK = YES;
				CLANG_WARN_BLOCK_CAPTURE_AUTORELEASING = YES;
				CLANG_WARN_BOOL_CONVERSION = YES;
				CLANG_WARN_COMMA = YES;
				CLANG_WARN_CONSTANT_CONVERSION = YES;
				CLANG_WARN_DEPRECATED_OBJC_IMPLEMENTATIONS = YES;
				CLANG_WARN_DIRECT_OBJC_ISA_USAGE = YES_ERROR;
				CLANG_WARN_DOCUMENTATION_COMMENTS = YES;
				CLANG_WARN_EMPTY_BODY = YES;
				CLANG_WARN_ENUM_CONVERSION = YES;
				CLANG_WARN_INFINITE_RECURSION = YES;
				CLANG_WARN_INT_CONVERSION = YES;
				CLANG_WARN_NON_LITERAL_NULL_CONVERSION = YES;
				CLANG_WARN_OBJC_IMPLICIT_RETAIN_SELF = YES;
				CLANG_WARN_OBJC_LITERAL_CONVERSION = YES;
				CLANG_WARN_OBJC_ROOT_CLASS = YES_ERROR;
				CLANG_WARN_QUOTED_INCLUDE_IN_FRAMEWORK_HEADER = YES;
				CLANG_WARN_RANGE_LOOP_ANALYSIS = YES;
				CLANG_WARN_STRICT_PROTOTYPES = YES;
				CLANG_WARN_SUSPICIOUS_MOVE = YES;
				CLANG_WARN_UNGUARDED_AVAILABILITY = YES_AGGRESSIVE;
				CLANG_WARN_UNREACHABLE_CODE = YES;
				CLANG_WARN__DUPLICATE_METHOD_MATCH = YES;
				COPY_PHASE_STRIP = NO;
				DEBUG_INFORMATION_FORMAT = "dwarf-with-dsym";
				ENABLE_NS_ASSERTIONS = NO;
				ENABLE_STRICT_OBJC_MSGSEND = YES;
				GCC_C_LANGUAGE_STANDARD = gnu11;
				GCC_NO_COMMON_BLOCKS = YES;
				GCC_WARN_64_TO_32_BIT_CONVERSION = YES;
				GCC_WARN_ABOUT_RETURN_TYPE = YES_ERROR;
				GCC_WARN_UNDECLARED_SELECTOR = YES;
				GCC_WARN_UNINITIALIZED_AUTOS = YES_AGGRESSIVE;
				GCC_WARN_UNUSED_FUNCTION = YES;
				GCC_WARN_UNUSED_VARIABLE = YES;
				IPHONEOS_DEPLOYMENT_TARGET = 15.0;
				MTL_ENABLE_DEBUG_INFO = NO;
				MTL_FAST_MATH = YES;
				SDKROOT = iphoneos;
				SWIFT_COMPILATION_MODE = wholemodule;
				SWIFT_OPTIMIZATION_LEVEL = "-O";
				VALIDATE_PRODUCT = YES;
			};
			name = Release;
		};
		A68CCB0227FB5D90005B595B /* Debug */ = {
			isa = XCBuildConfiguration;
			buildSettings = {
				ASSETCATALOG_COMPILER_APPICON_NAME = AppIcon;
				ASSETCATALOG_COMPILER_GLOBAL_ACCENT_COLOR_NAME = AccentColor;
				CODE_SIGN_STYLE = Automatic;
				CURRENT_PROJECT_VERSION = 1;
				DEVELOPMENT_ASSET_PATHS = "\"ColorSliderSwiftUI/Preview Content\"";
				DEVELOPMENT_TEAM = 23F6SX7UH4;
				ENABLE_PREVIEWS = YES;
				GENERATE_INFOPLIST_FILE = YES;
				INFOPLIST_KEY_UIApplicationSceneManifest_Generation = YES;
				INFOPLIST_KEY_UIApplicationSupportsIndirectInputEvents = YES;
				INFOPLIST_KEY_UILaunchScreen_Generation = YES;
				INFOPLIST_KEY_UISupportedInterfaceOrientations_iPad = "UIInterfaceOrientationPortrait UIInterfaceOrientationPortraitUpsideDown UIInterfaceOrientationLandscapeLeft UIInterfaceOrientationLandscapeRight";
				INFOPLIST_KEY_UISupportedInterfaceOrientations_iPhone = "UIInterfaceOrientationPortrait UIInterfaceOrientationLandscapeLeft UIInterfaceOrientationLandscapeRight";
				LD_RUNPATH_SEARCH_PATHS = (
					"$(inherited)",
					"@executable_path/Frameworks",
				);
				MARKETING_VERSION = 1.0;
				PRODUCT_BUNDLE_IDENTIFIER = tms.ColorSliderSwiftUI;
				PRODUCT_NAME = "$(TARGET_NAME)";
				SWIFT_EMIT_LOC_STRINGS = YES;
				SWIFT_VERSION = 5.0;
				TARGETED_DEVICE_FAMILY = "1,2";
			};
			name = Debug;
		};
		A68CCB0327FB5D90005B595B /* Release */ = {
			isa = XCBuildConfiguration;
			buildSettings = {
				ASSETCATALOG_COMPILER_APPICON_NAME = AppIcon;
				ASSETCATALOG_COMPILER_GLOBAL_ACCENT_COLOR_NAME = AccentColor;
				CODE_SIGN_STYLE = Automatic;
				CURRENT_PROJECT_VERSION = 1;
				DEVELOPMENT_ASSET_PATHS = "\"ColorSliderSwiftUI/Preview Content\"";
				DEVELOPMENT_TEAM = 23F6SX7UH4;
				ENABLE_PREVIEWS = YES;
				GENERATE_INFOPLIST_FILE = YES;
				INFOPLIST_KEY_UIApplicationSceneManifest_Generation = YES;
				INFOPLIST_KEY_UIApplicationSupportsIndirectInputEvents = YES;
				INFOPLIST_KEY_UILaunchScreen_Generation = YES;
				INFOPLIST_KEY_UISupportedInterfaceOrientations_iPad = "UIInterfaceOrientationPortrait UIInterfaceOrientationPortraitUpsideDown UIInterfaceOrientationLandscapeLeft UIInterfaceOrientationLandscapeRight";
				INFOPLIST_KEY_UISupportedInterfaceOrientations_iPhone = "UIInterfaceOrientationPortrait UIInterfaceOrientationLandscapeLeft UIInterfaceOrientationLandscapeRight";
				LD_RUNPATH_SEARCH_PATHS = (
					"$(inherited)",
					"@executable_path/Frameworks",
				);
				MARKETING_VERSION = 1.0;
				PRODUCT_BUNDLE_IDENTIFIER = tms.ColorSliderSwiftUI;
				PRODUCT_NAME = "$(TARGET_NAME)";
				SWIFT_EMIT_LOC_STRINGS = YES;
				SWIFT_VERSION = 5.0;
				TARGETED_DEVICE_FAMILY = "1,2";
			};
			name = Release;
		};
/* End XCBuildConfiguration section */

/* Begin XCConfigurationList section */
		A68CCAEE27FB5D8C005B595B /* Build configuration list for PBXProject "ColorSliderSwiftUI" */ = {
			isa = XCConfigurationList;
			buildConfigurations = (
				A68CCAFF27FB5D90005B595B /* Debug */,
				A68CCB0027FB5D90005B595B /* Release */,
			);
			defaultConfigurationIsVisible = 0;
			defaultConfigurationName = Release;
		};
		A68CCB0127FB5D90005B595B /* Build configuration list for PBXNativeTarget "ColorSliderSwiftUI" */ = {
			isa = XCConfigurationList;
			buildConfigurations = (
				A68CCB0227FB5D90005B595B /* Debug */,
				A68CCB0327FB5D90005B595B /* Release */,
			);
			defaultConfigurationIsVisible = 0;
			defaultConfigurationName = Release;
		};
/* End XCConfigurationList section */
	};
	rootObject = A68CCAEB27FB5D8C005B595B /* Project object */;
}
